{"version":4,"terraform_version":"1.10.6","serial":19,"lineage":"6e195ea6-8a86-6d4c-6fe7-c17d855a6852","outputs":{"cluster_endpoint":{"value":"136.114.72.243","type":"string"},"cluster_name":{"value":"sabi-cluster","type":"string"},"node_pool_name":{"value":"sabi-node-pool","type":"string"}},"resources":[{"mode":"managed","type":"google_container_cluster","name":"sabi_cluster","provider":"provider[\"registry.opentofu.org/hashicorp/google\"]","instances":[{"schema_version":2,"attributes":{"addons_config":[{"cloudrun_config":[],"config_connector_config":[],"dns_cache_config":[],"gce_persistent_disk_csi_driver_config":[{"enabled":true}],"gcp_filestore_csi_driver_config":[],"gcs_fuse_csi_driver_config":[],"gke_backup_agent_config":[],"horizontal_pod_autoscaling":[],"http_load_balancing":[],"network_policy_config":[{"disabled":true}],"ray_operator_config":[],"stateful_ha_config":[]}],"allow_net_admin":null,"authenticator_groups_config":[],"binary_authorization":[{"enabled":false,"evaluation_mode":""}],"cluster_autoscaling":[{"auto_provisioning_defaults":[],"auto_provisioning_locations":[],"autoscaling_profile":"BALANCED","enabled":false,"resource_limits":[]}],"cluster_ipv4_cidr":"10.88.0.0/14","confidential_nodes":[],"cost_management_config":[],"database_encryption":[{"key_name":"","state":"DECRYPTED"}],"datapath_provider":"","default_max_pods_per_node":110,"default_snat_status":[{"disabled":false}],"deletion_protection":false,"description":"","dns_config":[],"enable_autopilot":false,"enable_cilium_clusterwide_network_policy":false,"enable_intranode_visibility":false,"enable_k8s_beta_apis":[],"enable_kubernetes_alpha":false,"enable_l4_ilb_subsetting":false,"enable_legacy_abac":false,"enable_multi_networking":false,"enable_shielded_nodes":true,"enable_tpu":false,"endpoint":"136.114.72.243","fleet":[],"gateway_api_config":[],"id":"projects/main-bloom-476318-f9/locations/us-central1-a/clusters/sabi-cluster","identity_service_config":[],"initial_node_count":1,"ip_allocation_policy":[{"additional_pod_ranges_config":[],"cluster_ipv4_cidr_block":"10.88.0.0/14","cluster_secondary_range_name":"gke-sabi-cluster-pods-bfd869da","pod_cidr_overprovision_config":[{"disabled":false}],"services_ipv4_cidr_block":"34.118.224.0/20","services_secondary_range_name":"","stack_type":"IPV4"}],"label_fingerprint":"a9dc16a7","location":"us-central1-a","logging_config":[{"enable_components":["SYSTEM_COMPONENTS","WORKLOADS"]}],"logging_service":"logging.googleapis.com/kubernetes","maintenance_policy":[],"master_auth":[{"client_certificate":"","client_certificate_config":[{"issue_client_certificate":false}],"client_key":"","cluster_ca_certificate":"LS0tLS1CRUdJTiBDRVJUSUZJQ0FURS0tLS0tCk1JSUVMVENDQXBXZ0F3SUJBZ0lSQU1yOTZoL1pldFM0ZHprTnBnTmp5cmd3RFFZSktvWklodmNOQVFFTEJRQXcKTHpFdE1Dc0dBMVVFQXhNa1pUWTBZakptWVRZdFpXWXlPUzAwTUdRekxXSTNNRFl0WXpaa04yTXhOVEJqTVRKbApNQ0FYRFRJMU1URXdNekV5TlRVek9Gb1lEekl3TlRVeE1ESTNNVE0xTlRNNFdqQXZNUzB3S3dZRFZRUURFeVJsCk5qUmlNbVpoTmkxbFpqSTVMVFF3WkRNdFlqY3dOaTFqTm1RM1l6RTFNR014TW1Vd2dnR2lNQTBHQ1NxR1NJYjMKRFFFQkFRVUFBNElCandBd2dnR0tBb0lCZ1FETlNKWThXVTZpOE9rczJlbGhNSHJuUHFqRWMxVTZCdE9pTGM5bwpwcHEzbjIrMXhNRDd4bXo2dTJFZ0M0V3FYZjJzS2o2bFh4ZllPT3hXelBkaVd0c3FOSVUxVUdITnFlaXJYQm8yCk00SjFjU0ZYRElUYXFwM3g1cjFKYTRxWlkyM2hEMlRkMWNQZHYwQjc4dTYwdFEyWUwzaHBxUjVzRGUvdlJ6N0wKZ21lOERXU1E3cXJsOHdrT2NSeFhsWFV5a0xiNUtjZGF5YjJrS08rVzQ2MTQvdjNpbllrRVBlanFGcVp3MTgzawoxU1FsdVNJYUZKTkdFV1NidDUrbnhVUEtPVC9UeXpqOGt4Y3lnRHJDU2tPckgvd2hEMlU4c3VoTWxkQkFPL0FNClNWSFdaaHhVV1VmVXJsSGkyWGNaZlo5SzNoU2ViMHVSQWxDL2hBWG5vVHRLalZ0RkxybDBCQ2JTc09nYlJlSTkKdjhPdlFPeTlUQ24vODhxNlN6b05FN1IxaGI4QTVNRTFTTmE3cWVZaHZUelNPeUJaQkpKNUtUUC8yWG5zclA2bgpBUml1UWhEdGoxM2dqaDN5R2V5aWRyNGx5NHhLZEdkSmoyY0NCalFQL1ZNRlpRY0NDTm1TVGpRWFpjaWdtc2tRClVXaWcxaDVVOVlwYTc1emwrWEZlSTFSOURrVUNBd0VBQWFOQ01FQXdEZ1lEVlIwUEFRSC9CQVFEQWdJRU1BOEcKQTFVZEV3RUIvd1FGTUFNQkFmOHdIUVlEVlIwT0JCWUVGQWV0K0dzZGZlRGxoUDR1MmdXZEUxMHMwUDBwTUEwRwpDU3FHU0liM0RRRUJDd1VBQTRJQmdRQTB1SUJOSHl1dSt2b0hnVDNSc2hxN2JhZklpNG1GSjJXRlRtTTVMTExNCjdTemlBMmZUUkNhWUwrcnBxNlpFSnk5WjVNQ2ZVUnBoaGwrODhvVFkwbkYvTDI3Y1lvV0xGT3cyWm1qTjRzankKb1U5WWcxWjlMbFhKTzdaZFNPTnlPbWQzZkhqaTY4SCtjbUhtWUZUNEsyL294MlZqL2FIQkFVQnJhRUxwalB3TwpnTzU1NjdNR3FBUlNVbENaSFJPU3ZDaHFkcWtEaDhRUkN4dlhmczlCZktiOTgxWW5VUXNsTmh6SnJTMGd4eGxhCi9ndWZBb1huSWEyRFo4VlhBMHdWQ3IwTEdvWjkxbkJRajNCbzJ6YUdpUmtuZXE0cCtENXhHWTNGQTV1Z3NFNVAKTm81WWwyNGM2WStXRXZSdmluTmVmSkJ2MmZhblBWK1NycEs1YUpSaFl5ZWRaSkNVRXJjeVBMRXNJUXVHVS83KwpSU3UxL2tmdFFJOVdBdThZTTRyZlB5Vm1RZmFEZEZqVnVGYlNKYVdEZjNBUko1QmVXNUlHSFdhb1RXKzIxU1RvCk1XbnBjOHRMVHlPMUluY08xNExiOG5RNXFjWHN6cmJjczBQdVoxRVZ0eXB4RkhLclBJQXRaeGZYeHBjVlRlMmQKcUNBMjk3TVB2cnZXTGF0ckMzaUluVzg9Ci0tLS0tRU5EIENFUlRJRklDQVRFLS0tLS0K"}],"master_authorized_networks_config":[],"master_version":"1.33.5-gke.1125000","mesh_certificates":[],"min_master_version":null,"monitoring_config":[{"advanced_datapath_observability_config":[{"enable_metrics":false,"enable_relay":false,"relay_mode":"DISABLED"}],"enable_components":["SYSTEM_COMPONENTS","POD","DAEMONSET","DEPLOYMENT","STATEFULSET","JOBSET","STORAGE","HPA","CADVISOR","KUBELET","DCGM"],"managed_prometheus":[{"enabled":true}]}],"monitoring_service":"monitoring.googleapis.com/kubernetes","name":"sabi-cluster","network":"projects/main-bloom-476318-f9/global/networks/default","network_policy":[{"enabled":false,"provider":"PROVIDER_UNSPECIFIED"}],"networking_mode":"VPC_NATIVE","node_config":[],"node_locations":[],"node_pool":[],"node_pool_auto_config":[{"network_tags":[],"node_kubelet_config":[{"insecure_kubelet_readonly_port_enabled":"FALSE"}],"resource_manager_tags":{}}],"node_pool_defaults":[{"node_config_defaults":[{"containerd_config":[],"insecure_kubelet_readonly_port_enabled":"FALSE","logging_variant":"DEFAULT"}]}],"node_version":"1.33.5-gke.1125000","notification_config":[{"pubsub":[{"enabled":false,"filter":[],"topic":""}]}],"operation":null,"private_cluster_config":[{"enable_private_endpoint":false,"enable_private_nodes":false,"master_global_access_config":[{"enabled":false}],"master_ipv4_cidr_block":"","peering_name":"","private_endpoint":"10.128.0.24","private_endpoint_subnetwork":"","public_endpoint":"136.114.72.243"}],"private_ipv6_google_access":"","project":"main-bloom-476318-f9","release_channel":[{"channel":"REGULAR"}],"remove_default_node_pool":true,"resource_labels":null,"resource_usage_export_config":[],"security_posture_config":[{"mode":"BASIC","vulnerability_mode":"VULNERABILITY_MODE_UNSPECIFIED"}],"self_link":"https://container.googleapis.com/v1/projects/main-bloom-476318-f9/zones/us-central1-a/clusters/sabi-cluster","service_external_ips_config":[{"enabled":false}],"services_ipv4_cidr":"34.118.224.0/20","subnetwork":"projects/main-bloom-476318-f9/regions/us-central1/subnetworks/default","timeouts":null,"tpu_ipv4_cidr_block":"","vertical_pod_autoscaling":[],"workload_identity_config":[{"workload_pool":"main-bloom-476318-f9.svc.id.goog"}]},"sensitive_attributes":[],"private":"eyJlMmJmYjczMC1lY2FhLTExZTYtOGY4OC0zNDM2M2JjN2M0YzAiOnsiY3JlYXRlIjoyNDAwMDAwMDAwMDAwLCJkZWxldGUiOjI0MDAwMDAwMDAwMDAsInJlYWQiOjI0MDAwMDAwMDAwMDAsInVwZGF0ZSI6MzYwMDAwMDAwMDAwMH0sInNjaGVtYV92ZXJzaW9uIjoiMiJ9","dependencies":["google_project_service.gke_api"]}]},{"mode":"managed","type":"google_container_node_pool","name":"sabi_node_pool","provider":"provider[\"registry.opentofu.org/hashicorp/google\"]","instances":[{"schema_version":1,"attributes":{"autoscaling":[{"location_policy":"BALANCED","max_node_count":3,"min_node_count":1,"total_max_node_count":0,"total_min_node_count":0}],"cluster":"sabi-cluster","id":"projects/main-bloom-476318-f9/locations/us-central1-a/clusters/sabi-cluster/nodePools/sabi-node-pool","initial_node_count":1,"instance_group_urls":["https://www.googleapis.com/compute/v1/projects/main-bloom-476318-f9/zones/us-central1-a/instanceGroupManagers/gke-sabi-cluster-sabi-node-pool-9bc430c0-grp"],"location":"us-central1-a","managed_instance_group_urls":["https://www.googleapis.com/compute/v1/projects/main-bloom-476318-f9/zones/us-central1-a/instanceGroups/gke-sabi-cluster-sabi-node-pool-9bc430c0-grp"],"management":[{"auto_repair":true,"auto_upgrade":true}],"max_pods_per_node":110,"name":"sabi-node-pool","name_prefix":"","network_config":[{"additional_node_network_configs":[],"additional_pod_network_configs":[],"create_pod_range":false,"enable_private_nodes":false,"network_performance_config":[],"pod_cidr_overprovision_config":[],"pod_ipv4_cidr_block":"10.88.0.0/14","pod_range":"gke-sabi-cluster-pods-bfd869da"}],"node_config":[{"advanced_machine_features":[],"boot_disk_kms_key":"","confidential_nodes":[],"containerd_config":[],"disk_size_gb":20,"disk_type":"pd-standard","effective_taints":[],"enable_confidential_storage":false,"ephemeral_storage_local_ssd_config":[],"fast_socket":[],"gcfs_config":[],"guest_accelerator":[],"gvnic":[],"host_maintenance_policy":[],"image_type":"COS_CONTAINERD","kubelet_config":[{"cpu_cfs_quota":false,"cpu_cfs_quota_period":"","cpu_manager_policy":"","insecure_kubelet_readonly_port_enabled":"FALSE","pod_pids_limit":0}],"labels":{"role":"general"},"linux_node_config":[],"local_nvme_ssd_block_config":[],"local_ssd_count":0,"logging_variant":"DEFAULT","machine_type":"e2-medium","metadata":{"disable-legacy-endpoints":"true"},"min_cpu_platform":"","node_group":"","oauth_scopes":["https://www.googleapis.com/auth/cloud-platform"],"preemptible":false,"reservation_affinity":[],"resource_labels":{"goog-gke-node-pool-provisioning-model":"on-demand"},"resource_manager_tags":null,"secondary_boot_disks":[],"service_account":"default","shielded_instance_config":[{"enable_integrity_monitoring":true,"enable_secure_boot":false}],"sole_tenant_config":[],"spot":false,"tags":null,"taint":[],"workload_metadata_config":[{"mode":"GKE_METADATA"}]}],"node_count":1,"node_locations":["us-central1-a"],"operation":null,"placement_policy":[],"project":"main-bloom-476318-f9","queued_provisioning":[],"timeouts":null,"upgrade_settings":[{"blue_green_settings":[],"max_surge":1,"max_unavailable":0,"strategy":"SURGE"}],"version":"1.33.5-gke.1125000"},"sensitive_attributes":[],"private":"eyJlMmJmYjczMC1lY2FhLTExZTYtOGY4OC0zNDM2M2JjN2M0YzAiOnsiY3JlYXRlIjoxODAwMDAwMDAwMDAwLCJkZWxldGUiOjE4MDAwMDAwMDAwMDAsInVwZGF0ZSI6MTgwMDAwMDAwMDAwMH0sInNjaGVtYV92ZXJzaW9uIjoiMSJ9","dependencies":["google_container_cluster.sabi_cluster","google_project_service.gke_api"]}]},{"mode":"managed","type":"google_project_service","name":"gke_api","provider":"provider[\"registry.opentofu.org/hashicorp/google\"]","instances":[{"schema_version":0,"attributes":{"disable_dependent_services":null,"disable_on_destroy":true,"id":"main-bloom-476318-f9/container.googleapis.com","project":"main-bloom-476318-f9","service":"container.googleapis.com","timeouts":null},"sensitive_attributes":[],"private":"eyJlMmJmYjczMC1lY2FhLTExZTYtOGY4OC0zNDM2M2JjN2M0YzAiOnsiY3JlYXRlIjoxMjAwMDAwMDAwMDAwLCJkZWxldGUiOjEyMDAwMDAwMDAwMDAsInJlYWQiOjYwMDAwMDAwMDAwMCwidXBkYXRlIjoxMjAwMDAwMDAwMDAwfX0="}]},{"mode":"managed","type":"google_service_account","name":"gke_sa","provider":"provider[\"registry.opentofu.org/hashicorp/google\"]","instances":[{"schema_version":0,"attributes":{"account_id":"sabi-gke-sa","create_ignore_already_exists":null,"description":"","disabled":false,"display_name":"SabiTarot GKE Service Account","email":"sabi-gke-sa@main-bloom-476318-f9.iam.gserviceaccount.com","id":"projects/main-bloom-476318-f9/serviceAccounts/sabi-gke-sa@main-bloom-476318-f9.iam.gserviceaccount.com","member":"serviceAccount:sabi-gke-sa@main-bloom-476318-f9.iam.gserviceaccount.com","name":"projects/main-bloom-476318-f9/serviceAccounts/sabi-gke-sa@main-bloom-476318-f9.iam.gserviceaccount.com","project":"main-bloom-476318-f9","timeouts":null,"unique_id":"104610394456407835311"},"sensitive_attributes":[],"private":"eyJlMmJmYjczMC1lY2FhLTExZTYtOGY4OC0zNDM2M2JjN2M0YzAiOnsiY3JlYXRlIjozMDAwMDAwMDAwMDB9fQ=="}]}],"check_results":null}
